{
  "nodes": {
    "dae": {
      "inputs": {
        "flake-parts": "flake-parts",
        "nixpkgs": "nixpkgs"
      },
      "locked": {
        "lastModified": 1756006520,
        "narHash": "sha256-L17+ZaB+knRCoTH8ijfjVZ5m4xeSjhe0jFjGCRXVpWQ=",
        "owner": "daeuniverse",
        "repo": "flake.nix",
        "rev": "1b7823fec242bee106e9d2a79ba72c835fb3baaf",
        "type": "github"
      },
      "original": {
        "owner": "daeuniverse",
        "repo": "flake.nix",
        "rev": "1b7823fec242bee106e9d2a79ba72c835fb3baaf",
        "type": "github"
      }
    },
    "flake-compat": {
      "flake": false,
      "locked": {
        "lastModified": 1747046372,
        "narHash": "sha256-CIVLLkVgvHYbgI2UpXvIIBJ12HWgX+fjA8Xf8PUmqCY=",
        "owner": "edolstra",
        "repo": "flake-compat",
        "rev": "9100a0f413b0c601e0533d1d94ffd501ce2e7885",
        "type": "github"
      },
      "original": {
        "owner": "edolstra",
        "repo": "flake-compat",
        "type": "github"
      }
    },
    "flake-compat_2": {
      "flake": false,
      "locked": {
        "lastModified": 1747046372,
        "narHash": "sha256-CIVLLkVgvHYbgI2UpXvIIBJ12HWgX+fjA8Xf8PUmqCY=",
        "owner": "edolstra",
        "repo": "flake-compat",
        "rev": "9100a0f413b0c601e0533d1d94ffd501ce2e7885",
        "type": "github"
      },
      "original": {
        "owner": "edolstra",
        "repo": "flake-compat",
        "type": "github"
      }
    },
    "flake-parts": {
      "inputs": {
        "nixpkgs-lib": "nixpkgs-lib"
      },
      "locked": {
        "lastModified": 1738453229,
        "narHash": "sha256-7H9XgNiGLKN1G1CgRh0vUL4AheZSYzPm+zmZ7vxbJdo=",
        "owner": "hercules-ci",
        "repo": "flake-parts",
        "rev": "32ea77a06711b758da0ad9bd6a844c5740a87abd",
        "type": "github"
      },
      "original": {
        "owner": "hercules-ci",
        "repo": "flake-parts",
        "type": "github"
      }
    },
    "flake-parts_2": {
      "inputs": {
        "nixpkgs-lib": [
          "nur",
          "nixpkgs"
        ]
      },
      "locked": {
        "lastModified": 1733312601,
        "narHash": "sha256-4pDvzqnegAfRkPwO3wmwBhVi/Sye1mzps0zHWYnP88c=",
        "owner": "hercules-ci",
        "repo": "flake-parts",
        "rev": "205b12d8b7cd4802fbcb8e8ef6a0f1408781a4f9",
        "type": "github"
      },
      "original": {
        "owner": "hercules-ci",
        "repo": "flake-parts",
        "type": "github"
      }
    },
    "flake-parts_3": {
      "inputs": {
        "nixpkgs-lib": [
          "nvim-nightly",
          "nixpkgs"
        ]
      },
      "locked": {
        "lastModified": 1756770412,
        "narHash": "sha256-+uWLQZccFHwqpGqr2Yt5VsW/PbeJVTn9Dk6SHWhNRPw=",
        "owner": "hercules-ci",
        "repo": "flake-parts",
        "rev": "4524271976b625a4a605beefd893f270620fd751",
        "type": "github"
      },
      "original": {
        "owner": "hercules-ci",
        "repo": "flake-parts",
        "type": "github"
      }
    },
    "flake-utils": {
      "inputs": {
        "systems": "systems"
      },
      "locked": {
        "lastModified": 1731533236,
        "narHash": "sha256-l0KFg5HjrsfsO/JpG+r7fRrqm12kzFHyUHqHCVpMMbI=",
        "owner": "numtide",
        "repo": "flake-utils",
        "rev": "11707dc2f618dd54ca8739b309ec4fc024de578b",
        "type": "github"
      },
      "original": {
        "owner": "numtide",
        "repo": "flake-utils",
        "rev": "11707dc2f618dd54ca8739b309ec4fc024de578b",
        "type": "github"
      }
    },
    "flake-utils_2": {
      "inputs": {
        "systems": "systems_2"
      },
      "locked": {
        "lastModified": 1731533236,
        "narHash": "sha256-l0KFg5HjrsfsO/JpG+r7fRrqm12kzFHyUHqHCVpMMbI=",
        "owner": "numtide",
        "repo": "flake-utils",
        "rev": "11707dc2f618dd54ca8739b309ec4fc024de578b",
        "type": "github"
      },
      "original": {
        "owner": "numtide",
        "repo": "flake-utils",
        "rev": "11707dc2f618dd54ca8739b309ec4fc024de578b",
        "type": "github"
      }
    },
    "git-hooks": {
      "inputs": {
        "flake-compat": "flake-compat_2",
        "gitignore": "gitignore",
        "nixpkgs": [
          "nvim-nightly",
          "nixpkgs"
        ]
      },
      "locked": {
        "lastModified": 1758108966,
        "narHash": "sha256-ytw7ROXaWZ7OfwHrQ9xvjpUWeGVm86pwnEd1QhzawIo=",
        "owner": "cachix",
        "repo": "git-hooks.nix",
        "rev": "54df955a695a84cd47d4a43e08e1feaf90b1fd9b",
        "type": "github"
      },
      "original": {
        "owner": "cachix",
        "repo": "git-hooks.nix",
        "type": "github"
      }
    },
    "gitignore": {
      "inputs": {
        "nixpkgs": [
          "nvim-nightly",
          "git-hooks",
          "nixpkgs"
        ]
      },
      "locked": {
        "lastModified": 1709087332,
        "narHash": "sha256-HG2cCnktfHsKV0s4XW83gU3F57gaTljL9KNSuG6bnQs=",
        "owner": "hercules-ci",
        "repo": "gitignore.nix",
        "rev": "637db329424fd7e46cf4185293b9cc8c88c95394",
        "type": "github"
      },
      "original": {
        "owner": "hercules-ci",
        "repo": "gitignore.nix",
        "type": "github"
      }
    },
    "hercules-ci-effects": {
      "inputs": {
        "flake-parts": [
          "nvim-nightly",
          "flake-parts"
        ],
        "nixpkgs": [
          "nvim-nightly",
          "nixpkgs"
        ]
      },
      "locked": {
        "lastModified": 1758022363,
        "narHash": "sha256-ENUhCRWgSX4ni751HieNuQoq06dJvApV/Nm89kh+/A0=",
        "owner": "hercules-ci",
        "repo": "hercules-ci-effects",
        "rev": "1a3667d33e247ad35ca250698d63f49a5453d824",
        "type": "github"
      },
      "original": {
        "owner": "hercules-ci",
        "repo": "hercules-ci-effects",
        "type": "github"
      }
    },
    "hm": {
      "inputs": {
        "nixpkgs": [
          "pkgs"
        ]
      },
      "locked": {
        "lastModified": 1756734952,
        "narHash": "sha256-H6jmduj4QIncLPAPODPSG/8ry9lpr1kRq6fYytU52qU=",
        "owner": "nix-community",
        "repo": "home-manager",
        "rev": "29ab63bbb3d9eee4a491f7ce701b189becd34068",
        "type": "github"
      },
      "original": {
        "owner": "nix-community",
        "repo": "home-manager",
        "rev": "29ab63bbb3d9eee4a491f7ce701b189becd34068",
        "type": "github"
      }
    },
    "libnvimcfg": {
      "inputs": {
        "flake-utils": "flake-utils",
        "pkgs": "pkgs",
        "rust-overlay": "rust-overlay"
      },
      "locked": {
        "path": "./neovim/lib",
        "type": "path"
      },
      "original": {
        "path": "./neovim/lib",
        "type": "path"
      },
      "parent": []
    },
    "neovim-src": {
      "flake": false,
      "locked": {
        "lastModified": 1758863424,
        "narHash": "sha256-fYY8JrOuqovlOcXfryf2xiahBPTXHQExFpMIsur69/A=",
        "owner": "neovim",
        "repo": "neovim",
        "rev": "a0c60e819df1b4d4ae5ac631d48e874fa1cf9b92",
        "type": "github"
      },
      "original": {
        "owner": "neovim",
        "repo": "neovim",
        "type": "github"
      }
    },
    "nixpkgs": {
      "locked": {
        "lastModified": 1739866667,
        "narHash": "sha256-EO1ygNKZlsAC9avfcwHkKGMsmipUk1Uc0TbrEZpkn64=",
        "owner": "NixOS",
        "repo": "nixpkgs",
        "rev": "73cf49b8ad837ade2de76f87eb53fc85ed5d4680",
        "type": "github"
      },
      "original": {
        "owner": "NixOS",
        "ref": "nixos-unstable",
        "repo": "nixpkgs",
        "type": "github"
      }
    },
    "nixpkgs-lib": {
      "locked": {
        "lastModified": 1738452942,
        "narHash": "sha256-vJzFZGaCpnmo7I6i416HaBLpC+hvcURh/BQwROcGIp8=",
        "type": "tarball",
        "url": "https://github.com/NixOS/nixpkgs/archive/072a6db25e947df2f31aab9eccd0ab75d5b2da11.tar.gz"
      },
      "original": {
        "type": "tarball",
        "url": "https://github.com/NixOS/nixpkgs/archive/072a6db25e947df2f31aab9eccd0ab75d5b2da11.tar.gz"
      }
    },
    "nixpkgs_2": {
      "locked": {
        "lastModified": 1756542300,
        "narHash": "sha256-tlOn88coG5fzdyqz6R93SQL5Gpq+m/DsWpekNFhqPQk=",
        "owner": "nixos",
        "repo": "nixpkgs",
        "rev": "d7600c775f877cd87b4f5a831c28aa94137377aa",
        "type": "github"
      },
      "original": {
        "owner": "nixos",
        "ref": "nixos-unstable",
        "repo": "nixpkgs",
        "type": "github"
      }
    },
    "nixpkgs_3": {
      "locked": {
        "lastModified": 1758763312,
        "narHash": "sha256-puBMviZhYlqOdUUgEmMVJpXqC/ToEqSvkyZ30qQ09xM=",
        "owner": "NixOS",
        "repo": "nixpkgs",
        "rev": "e57b3b16ad8758fd681511a078f35c416a8cc939",
        "type": "github"
      },
      "original": {
        "owner": "NixOS",
        "ref": "nixpkgs-unstable",
        "repo": "nixpkgs",
        "type": "github"
      }
    },
    "nur": {
      "inputs": {
        "flake-parts": "flake-parts_2",
        "nixpkgs": "nixpkgs_2"
      },
      "locked": {
        "lastModified": 1756739783,
        "narHash": "sha256-5I4zK8kVr7g6bWB2+1xUYXxR8YGrjEDKxoCJAeEho3Q=",
        "owner": "nix-community",
        "repo": "nur",
        "rev": "a180e837cadff3e66502353a5dbdaffd05b049ac",
        "type": "github"
      },
      "original": {
        "owner": "nix-community",
        "repo": "nur",
        "rev": "a180e837cadff3e66502353a5dbdaffd05b049ac",
        "type": "github"
      }
    },
    "nvim-nightly": {
      "inputs": {
        "flake-compat": "flake-compat",
        "flake-parts": "flake-parts_3",
        "git-hooks": "git-hooks",
        "hercules-ci-effects": "hercules-ci-effects",
        "neovim-src": "neovim-src",
        "nixpkgs": "nixpkgs_3",
        "treefmt-nix": "treefmt-nix"
      },
      "locked": {
        "lastModified": 1758931509,
        "narHash": "sha256-NFOXeqUwhH+V+XXJP3Z8RRzjulOzokwOPQ2kbDuFvX8=",
        "owner": "nix-community",
        "repo": "neovim-nightly-overlay",
        "rev": "93318bab5ce403a60a694ad1b6219760935553f7",
        "type": "github"
      },
      "original": {
        "owner": "nix-community",
        "repo": "neovim-nightly-overlay",
        "rev": "93318bab5ce403a60a694ad1b6219760935553f7",
        "type": "github"
      }
    },
    "pkgs": {
      "locked": {
        "lastModified": 1753544923,
        "narHash": "sha256-HBQYEV8kclUfS4NsBzuGJ07txTn8p3U/A9s3K82EkBA=",
        "owner": "NixOS",
        "repo": "nixpkgs",
        "rev": "0a9e4b8f21ef750df60b9b9670e48fc6d0263fd1",
        "type": "github"
      },
      "original": {
        "owner": "NixOS",
        "repo": "nixpkgs",
        "rev": "0a9e4b8f21ef750df60b9b9670e48fc6d0263fd1",
        "type": "github"
      }
    },
    "pkgs_2": {
      "locked": {
        "lastModified": 1757778140,
        "narHash": "sha256-7gv/Y+WaDe2MtiJ4L9hwUOmMs+m6HxDNr5I2cxZNSGE=",
        "owner": "NixOS",
        "repo": "nixpkgs",
        "rev": "2d6368b8a1233880a56f34b8cea95062db3410da",
        "type": "github"
      },
      "original": {
        "owner": "NixOS",
        "repo": "nixpkgs",
        "rev": "2d6368b8a1233880a56f34b8cea95062db3410da",
        "type": "github"
      }
    },
    "pkgs_3": {
      "locked": {
        "lastModified": 1754149915,
        "narHash": "sha256-RMgrtPwtYiEYZor40STf/qs+ZWsP/bQpYOZGcyfCHuo=",
        "owner": "NixOS",
        "repo": "nixpkgs",
        "rev": "723ce9394b443fc4ce83d6d5a54aee528c5bb328",
        "type": "github"
      },
      "original": {
        "owner": "NixOS",
        "repo": "nixpkgs",
        "rev": "723ce9394b443fc4ce83d6d5a54aee528c5bb328",
        "type": "github"
      }
    },
    "root": {
      "inputs": {
        "dae": "dae",
        "hm": "hm",
        "libnvimcfg": "libnvimcfg",
        "nur": "nur",
        "nvim-nightly": "nvim-nightly",
        "pkgs": "pkgs_2",
        "rsbin": "rsbin",
        "rust-overlay": "rust-overlay_3"
      }
    },
    "rsbin": {
      "inputs": {
        "flake-utils": "flake-utils_2",
        "pkgs": "pkgs_3",
        "rust-overlay": "rust-overlay_2"
      },
      "locked": {
        "path": "./rsbin",
        "type": "path"
      },
      "original": {
        "path": "./rsbin",
        "type": "path"
      },
      "parent": []
    },
    "rust-overlay": {
      "inputs": {
        "nixpkgs": [
          "libnvimcfg",
          "pkgs"
        ]
      },
      "locked": {
        "lastModified": 1748313401,
        "narHash": "sha256-x5UuDKP2Ui/TresAngUo9U4Ss9xfOmN8dAXU8OrkZmA=",
        "owner": "oxalica",
        "repo": "rust-overlay",
        "rev": "9c8ea175cf9af29edbcff121512e44092a8f37e4",
        "type": "github"
      },
      "original": {
        "owner": "oxalica",
        "repo": "rust-overlay",
        "rev": "9c8ea175cf9af29edbcff121512e44092a8f37e4",
        "type": "github"
      }
    },
    "rust-overlay_2": {
      "inputs": {
        "nixpkgs": [
          "rsbin",
          "pkgs"
        ]
      },
      "locked": {
        "lastModified": 1754102567,
        "narHash": "sha256-d6nZ+1e4VDqW6VAwfx9EAUDJdPxSwqwGiuli32FEgoE=",
        "owner": "oxalica",
        "repo": "rust-overlay",
        "rev": "08ff39bf869cadca3102b39824f4c7025186b7dc",
        "type": "github"
      },
      "original": {
        "owner": "oxalica",
        "repo": "rust-overlay",
        "rev": "08ff39bf869cadca3102b39824f4c7025186b7dc",
        "type": "github"
      }
    },
    "rust-overlay_3": {
      "inputs": {
        "nixpkgs": [
          "pkgs"
        ]
      },
      "locked": {
        "lastModified": 1756694554,
        "narHash": "sha256-z/Iy4qvcMqzhA2IAAg71Sw4BrMwbBHvCS90ZoPLsnIk=",
        "owner": "oxalica",
        "repo": "rust-overlay",
        "rev": "b29e5365120f344fe7161f14fc9e272fcc41ee56",
        "type": "github"
      },
      "original": {
        "owner": "oxalica",
        "repo": "rust-overlay",
        "rev": "b29e5365120f344fe7161f14fc9e272fcc41ee56",
        "type": "github"
      }
    },
    "systems": {
      "locked": {
        "lastModified": 1681028828,
        "narHash": "sha256-Vy1rq5AaRuLzOxct8nz4T6wlgyUR7zLU309k9mBC768=",
        "owner": "nix-systems",
        "repo": "default",
        "rev": "da67096a3b9bf56a91d16901293e51ba5b49a27e",
        "type": "github"
      },
      "original": {
        "owner": "nix-systems",
        "repo": "default",
        "type": "github"
      }
    },
    "systems_2": {
      "locked": {
        "lastModified": 1681028828,
        "narHash": "sha256-Vy1rq5AaRuLzOxct8nz4T6wlgyUR7zLU309k9mBC768=",
        "owner": "nix-systems",
        "repo": "default",
        "rev": "da67096a3b9bf56a91d16901293e51ba5b49a27e",
        "type": "github"
      },
      "original": {
        "owner": "nix-systems",
        "repo": "default",
        "type": "github"
      }
    },
    "treefmt-nix": {
      "inputs": {
        "nixpkgs": [
          "nvim-nightly",
          "nixpkgs"
        ]
      },
      "locked": {
        "lastModified": 1758728421,
        "narHash": "sha256-ySNJ008muQAds2JemiyrWYbwbG+V7S5wg3ZVKGHSFu8=",
        "owner": "numtide",
        "repo": "treefmt-nix",
        "rev": "5eda4ee8121f97b218f7cc73f5172098d458f1d1",
        "type": "github"
      },
      "original": {
        "owner": "numtide",
        "repo": "treefmt-nix",
        "type": "github"
      }
    }
  },
  "root": "root",
  "version": 7
}
