{
  "nodes": {
    "pkgs": {
      "locked": {
        "lastModified": 1754149915,
        "narHash": "sha256-RMgrtPwtYiEYZor40STf/qs+ZWsP/bQpYOZGcyfCHuo=",
        "owner": "NixOS",
        "repo": "nixpkgs",
        "rev": "723ce9394b443fc4ce83d6d5a54aee528c5bb328",
        "type": "github"
      },
      "original": {
        "owner": "NixOS",
        "repo": "nixpkgs",
        "rev": "723ce9394b443fc4ce83d6d5a54aee528c5bb328",
        "type": "github"
      }
    },
    "root": {
      "inputs": {
        "pkgs": "pkgs",
        "rust-overlay": "rust-overlay"
      }
    },
    "rust-overlay": {
      "inputs": {
        "nixpkgs": [
          "pkgs"
        ]
      },
      "locked": {
        "lastModified": 1783747106,
        "narHash": "sha256-KlepQu/O5m11lAjcJ4ER5bc6bIzyX2UMPDARzMzQfIw=",
        "owner": "oxalica",
        "repo": "rust-overlay",
        "rev": "e598b37857b895b81020a65a802ef55f5bbed72f",
        "type": "github"
      },
      "original": {
        "owner": "oxalica",
        "repo": "rust-overlay",
        "rev": "e598b37857b895b81020a65a802ef55f5bbed72f",
        "type": "github"
      }
    }
  },
  "root": "root",
  "version": 7
}
