{
  "nodes": {
    "pkgs": {
      "locked": {
        "lastModified": 1786377012,
        "narHash": "sha256-TFcUI+g7ovzT9li6RWnu85K5sucsjMeAswSDq4yhEg4=",
        "owner": "NixOS",
        "repo": "nixpkgs",
        "rev": "81788f7597ea358312f10f38300753746b2a90e4",
        "type": "github"
      },
      "original": {
        "owner": "NixOS",
        "repo": "nixpkgs",
        "rev": "81788f7597ea358312f10f38300753746b2a90e4",
        "type": "github"
      }
    },
    "root": {
      "inputs": {
        "pkgs": "pkgs",
        "rust-overlay": "rust-overlay"
      }
    },
    "rust-overlay": {
      "inputs": {
        "nixpkgs": [
          "pkgs"
        ]
      },
      "locked": {
        "lastModified": 1786849542,
        "narHash": "sha256-MS8cOa/ii1+QA8R3JWVzqEIoXimu9n50GwQDiBVTFOM=",
        "owner": "oxalica",
        "repo": "rust-overlay",
        "rev": "b211eadeba8b180da9453ec3413a8a3535c85b3f",
        "type": "github"
      },
      "original": {
        "owner": "oxalica",
        "repo": "rust-overlay",
        "rev": "b211eadeba8b180da9453ec3413a8a3535c85b3f",
        "type": "github"
      }
    }
  },
  "root": "root",
  "version": 7
}
