{
  "nodes": {
    "nixpkgs": {
      "locked": {
        "lastModified": 1706487304,
        "narHash": "sha256-LE8lVX28MV2jWJsidW13D2qrHU/RUUONendL2Q/WlJg=",
        "owner": "NixOS",
        "repo": "nixpkgs",
        "rev": "90f456026d284c22b3e3497be980b2e47d0b28ac",
        "type": "github"
      },
      "original": {
        "owner": "NixOS",
        "ref": "nixpkgs-unstable",
        "repo": "nixpkgs",
        "type": "github"
      }
    },
    "nur": {
      "locked": {
        "lastModified": 1718221614,
        "narHash": "sha256-yfYrqKVECU4XBi1q8u7DaEK0QcDQMfjY5/dGeALv4dg=",
        "owner": "nix-community",
        "repo": "nur",
        "rev": "9edb05163b86238999c6f6cab06c193e4de951f8",
        "type": "github"
      },
      "original": {
        "owner": "nix-community",
        "repo": "nur",
        "rev": "9edb05163b86238999c6f6cab06c193e4de951f8",
        "type": "github"
      }
    },
    "pkgs": {
      "locked": {
        "lastModified": 1723046388,
        "narHash": "sha256-x3/zwaZgO4J97RQLqwzgriGCun6S+rel0a2XhBq0uZo=",
        "owner": "NixOS",
        "repo": "nixpkgs",
        "rev": "f4341811740ba37cc17962dd1da929bd32dbeb91",
        "type": "github"
      },
      "original": {
        "owner": "NixOS",
        "repo": "nixpkgs",
        "rev": "f4341811740ba37cc17962dd1da929bd32dbeb91",
        "type": "github"
      }
    },
    "root": {
      "inputs": {
        "nur": "nur",
        "pkgs": "pkgs",
        "rust-overlay": "rust-overlay"
      }
    },
    "rust-overlay": {
      "inputs": {
        "nixpkgs": "nixpkgs"
      },
      "locked": {
        "lastModified": 1720923816,
        "narHash": "sha256-GrDL1nFYZrB/+Ah1hNoaNFfduB1agpfqL9QyEl12UOU=",
        "owner": "oxalica",
        "repo": "rust-overlay",
        "rev": "fb8c8be0313f0e6385b3d70151a04ea1d71e4b68",
        "type": "github"
      },
      "original": {
        "owner": "oxalica",
        "repo": "rust-overlay",
        "rev": "fb8c8be0313f0e6385b3d70151a04ea1d71e4b68",
        "type": "github"
      }
    }
  },
  "root": "root",
  "version": 7
}
