{
  "nodes": {
    "nur": {
      "locked": {
        "lastModified": 1718221614,
        "narHash": "sha256-yfYrqKVECU4XBi1q8u7DaEK0QcDQMfjY5/dGeALv4dg=",
        "owner": "nix-community",
        "repo": "nur",
        "rev": "9edb05163b86238999c6f6cab06c193e4de951f8",
        "type": "github"
      },
      "original": {
        "owner": "nix-community",
        "repo": "nur",
        "rev": "9edb05163b86238999c6f6cab06c193e4de951f8",
        "type": "github"
      }
    },
    "pkgs": {
      "locked": {
        "lastModified": 1744905315,
        "narHash": "sha256-JlHwybUQdByommJwFzIsI5zERQjZRxAtDg9bLKlNtxQ=",
        "owner": "NixOS",
        "repo": "nixpkgs",
        "rev": "caea1cba7d888e70ffc85b041a5aef36febc50e4",
        "type": "github"
      },
      "original": {
        "owner": "NixOS",
        "repo": "nixpkgs",
        "rev": "caea1cba7d888e70ffc85b041a5aef36febc50e4",
        "type": "github"
      }
    },
    "root": {
      "inputs": {
        "nur": "nur",
        "pkgs": "pkgs",
        "rust-overlay": "rust-overlay"
      }
    },
    "rust-overlay": {
      "inputs": {
        "nixpkgs": [
          "pkgs"
        ]
      },
      "locked": {
        "lastModified": 1740709839,
        "narHash": "sha256-4dF++MXIXna/AwlZWDKr7bgUmY4xoEwvkF1GewjNrt0=",
        "owner": "oxalica",
        "repo": "rust-overlay",
        "rev": "b4270835bf43c6f80285adac6f66a26d83f0f277",
        "type": "github"
      },
      "original": {
        "owner": "oxalica",
        "repo": "rust-overlay",
        "rev": "b4270835bf43c6f80285adac6f66a26d83f0f277",
        "type": "github"
      }
    }
  },
  "root": "root",
  "version": 7
}
