{
  "nodes": {
    "flake-compat": {
      "flake": false,
      "locked": {
        "lastModified": 1733328505,
        "narHash": "sha256-NeCCThCEP3eCl2l/+27kNNK7QrwZB1IJCrXfrbv5oqU=",
        "owner": "edolstra",
        "repo": "flake-compat",
        "rev": "ff81ac966bb2cae68946d5ed5fc4994f96d0ffec",
        "type": "github"
      },
      "original": {
        "owner": "edolstra",
        "repo": "flake-compat",
        "type": "github"
      }
    },
    "flake-compat_2": {
      "flake": false,
      "locked": {
        "lastModified": 1696426674,
        "narHash": "sha256-kvjfFW7WAETZlt09AgDn1MrtKzP7t90Vf7vypd3OL1U=",
        "owner": "edolstra",
        "repo": "flake-compat",
        "rev": "0f9255e01c2351cc7d116c072cb317785dd33b33",
        "type": "github"
      },
      "original": {
        "owner": "edolstra",
        "repo": "flake-compat",
        "type": "github"
      }
    },
    "flake-parts": {
      "inputs": {
        "nixpkgs-lib": [
          "nvim-nightly-overlay",
          "nixpkgs"
        ]
      },
      "locked": {
        "lastModified": 1736143030,
        "narHash": "sha256-+hu54pAoLDEZT9pjHlqL9DNzWz0NbUn8NEAHP7PQPzU=",
        "owner": "hercules-ci",
        "repo": "flake-parts",
        "rev": "b905f6fc23a9051a6e1b741e1438dbfc0634c6de",
        "type": "github"
      },
      "original": {
        "owner": "hercules-ci",
        "repo": "flake-parts",
        "type": "github"
      }
    },
    "flake-parts_2": {
      "inputs": {
        "nixpkgs-lib": [
          "nvim-nightly-overlay",
          "hercules-ci-effects",
          "nixpkgs"
        ]
      },
      "locked": {
        "lastModified": 1733312601,
        "narHash": "sha256-4pDvzqnegAfRkPwO3wmwBhVi/Sye1mzps0zHWYnP88c=",
        "owner": "hercules-ci",
        "repo": "flake-parts",
        "rev": "205b12d8b7cd4802fbcb8e8ef6a0f1408781a4f9",
        "type": "github"
      },
      "original": {
        "id": "flake-parts",
        "type": "indirect"
      }
    },
    "git-hooks": {
      "inputs": {
        "flake-compat": "flake-compat_2",
        "gitignore": "gitignore",
        "nixpkgs": [
          "nvim-nightly-overlay",
          "nixpkgs"
        ]
      },
      "locked": {
        "lastModified": 1735882644,
        "narHash": "sha256-3FZAG+pGt3OElQjesCAWeMkQ7C/nB1oTHLRQ8ceP110=",
        "owner": "cachix",
        "repo": "git-hooks.nix",
        "rev": "a5a961387e75ae44cc20f0a57ae463da5e959656",
        "type": "github"
      },
      "original": {
        "owner": "cachix",
        "repo": "git-hooks.nix",
        "type": "github"
      }
    },
    "gitignore": {
      "inputs": {
        "nixpkgs": [
          "nvim-nightly-overlay",
          "git-hooks",
          "nixpkgs"
        ]
      },
      "locked": {
        "lastModified": 1709087332,
        "narHash": "sha256-HG2cCnktfHsKV0s4XW83gU3F57gaTljL9KNSuG6bnQs=",
        "owner": "hercules-ci",
        "repo": "gitignore.nix",
        "rev": "637db329424fd7e46cf4185293b9cc8c88c95394",
        "type": "github"
      },
      "original": {
        "owner": "hercules-ci",
        "repo": "gitignore.nix",
        "type": "github"
      }
    },
    "hercules-ci-effects": {
      "inputs": {
        "flake-parts": "flake-parts_2",
        "nixpkgs": [
          "nvim-nightly-overlay",
          "nixpkgs"
        ]
      },
      "locked": {
        "lastModified": 1735695978,
        "narHash": "sha256-cwk53OX1S1bCFY09zydubZNmmwcx9l5XEba8mVYuNE4=",
        "owner": "hercules-ci",
        "repo": "hercules-ci-effects",
        "rev": "f6233b5cfbada692d93a73d6ed35bdbfd0fdb9c4",
        "type": "github"
      },
      "original": {
        "owner": "hercules-ci",
        "repo": "hercules-ci-effects",
        "type": "github"
      }
    },
    "home-manager": {
      "inputs": {
        "nixpkgs": [
          "pkgs"
        ]
      },
      "locked": {
        "lastModified": 1737630279,
        "narHash": "sha256-wJQCxyMRc4P26zDrHmZiRD5bbfcJpqPG3e2djdGG3pk=",
        "owner": "nix-community",
        "repo": "home-manager",
        "rev": "0db5c8bfcce78583ebbde0b2abbc95ad93445f7c",
        "type": "github"
      },
      "original": {
        "owner": "nix-community",
        "repo": "home-manager",
        "rev": "0db5c8bfcce78583ebbde0b2abbc95ad93445f7c",
        "type": "github"
      }
    },
    "neovim-src": {
      "flake": false,
      "locked": {
        "lastModified": 1736752727,
        "narHash": "sha256-sFD18EfXyQrN51ru6uzCt20C3DT4qBipJ1PbP9hnw80=",
        "owner": "neovim",
        "repo": "neovim",
        "rev": "2c16c849986794682a4776ff4ec100d00eeba5ca",
        "type": "github"
      },
      "original": {
        "owner": "neovim",
        "repo": "neovim",
        "type": "github"
      }
    },
    "nixpkgs": {
      "locked": {
        "lastModified": 1736755442,
        "narHash": "sha256-a3MMEY7i/wdF0gb7WFNTn6onzaiMOvwj7OerRVenA8o=",
        "owner": "NixOS",
        "repo": "nixpkgs",
        "rev": "ef56e777fedaa4da8c66a150081523c5de1e0171",
        "type": "github"
      },
      "original": {
        "owner": "NixOS",
        "ref": "nixpkgs-unstable",
        "repo": "nixpkgs",
        "type": "github"
      }
    },
    "nur": {
      "locked": {
        "lastModified": 1733058400,
        "narHash": "sha256-5K8V/4sKnALihvxf8oEOl0k0fFGwIxbT47nGIkbeTko=",
        "owner": "nix-community",
        "repo": "nur",
        "rev": "9d1010316997b38f36f28824d95821e63b305657",
        "type": "github"
      },
      "original": {
        "owner": "nix-community",
        "repo": "nur",
        "rev": "9d1010316997b38f36f28824d95821e63b305657",
        "type": "github"
      }
    },
    "nvim-nightly-overlay": {
      "inputs": {
        "flake-compat": "flake-compat",
        "flake-parts": "flake-parts",
        "git-hooks": "git-hooks",
        "hercules-ci-effects": "hercules-ci-effects",
        "neovim-src": "neovim-src",
        "nixpkgs": "nixpkgs",
        "treefmt-nix": "treefmt-nix"
      },
      "locked": {
        "lastModified": 1736753650,
        "narHash": "sha256-qSbPnZ2utGL39UD6lKi+K/7sWyZVl/kGZfOoy+xJEjA=",
        "owner": "nix-community",
        "repo": "neovim-nightly-overlay",
        "rev": "9e2c41b7c12adc3ca17b1b50589f5234bcc0bbac",
        "type": "github"
      },
      "original": {
        "owner": "nix-community",
        "repo": "neovim-nightly-overlay",
        "rev": "9e2c41b7c12adc3ca17b1b50589f5234bcc0bbac",
        "type": "github"
      }
    },
    "pkgs": {
      "locked": {
        "lastModified": 1738053272,
        "narHash": "sha256-k4U/q0k6ohbbf0h8hWZ3P5fs0zbS1p9cC3V+J4pS7Vc=",
        "owner": "NixOS",
        "repo": "nixpkgs",
        "rev": "d9e7fc09f3a8408496bcaa8d48d5d15de66fffc5",
        "type": "github"
      },
      "original": {
        "owner": "NixOS",
        "repo": "nixpkgs",
        "rev": "d9e7fc09f3a8408496bcaa8d48d5d15de66fffc5",
        "type": "github"
      }
    },
    "pkgs-24-05": {
      "locked": {
        "lastModified": 1718208800,
        "narHash": "sha256-US1tAChvPxT52RV8GksWZS415tTS7PV42KTc2PNDBmc=",
        "owner": "nixos",
        "repo": "nixpkgs",
        "rev": "cc54fb41d13736e92229c21627ea4f22199fee6b",
        "type": "github"
      },
      "original": {
        "owner": "nixos",
        "ref": "nixos-24.05",
        "repo": "nixpkgs",
        "type": "github"
      }
    },
    "root": {
      "inputs": {
        "home-manager": "home-manager",
        "nur": "nur",
        "nvim-nightly-overlay": "nvim-nightly-overlay",
        "pkgs": "pkgs",
        "pkgs-24-05": "pkgs-24-05"
      }
    },
    "treefmt-nix": {
      "inputs": {
        "nixpkgs": [
          "nvim-nightly-overlay",
          "nixpkgs"
        ]
      },
      "locked": {
        "lastModified": 1736154270,
        "narHash": "sha256-p2r8xhQZ3TYIEKBoiEhllKWQqWNJNoT9v64Vmg4q8Zw=",
        "owner": "numtide",
        "repo": "treefmt-nix",
        "rev": "13c913f5deb3a5c08bb810efd89dc8cb24dd968b",
        "type": "github"
      },
      "original": {
        "owner": "numtide",
        "repo": "treefmt-nix",
        "type": "github"
      }
    }
  },
  "root": "root",
  "version": 7
}
