{
  "nodes": {
    "pkgs": {
      "locked": {
        "lastModified": 1761494328,
        "narHash": "sha256-XxnWxCz6RAWFVaowIMCVSXmlFn5cZkNLl5XF5vm1m58=",
        "owner": "NixOS",
        "repo": "nixpkgs",
        "rev": "d38bf033dc578bcc3757ecb3fdda7755f65421bc",
        "type": "github"
      },
      "original": {
        "owner": "NixOS",
        "repo": "nixpkgs",
        "rev": "d38bf033dc578bcc3757ecb3fdda7755f65421bc",
        "type": "github"
      }
    },
    "root": {
      "inputs": {
        "pkgs": "pkgs",
        "rust-overlay": "rust-overlay"
      }
    },
    "rust-overlay": {
      "inputs": {
        "nixpkgs": [
          "pkgs"
        ]
      },
      "locked": {
        "lastModified": 1783747106,
        "narHash": "sha256-KlepQu/O5m11lAjcJ4ER5bc6bIzyX2UMPDARzMzQfIw=",
        "owner": "oxalica",
        "repo": "rust-overlay",
        "rev": "e598b37857b895b81020a65a802ef55f5bbed72f",
        "type": "github"
      },
      "original": {
        "owner": "oxalica",
        "repo": "rust-overlay",
        "rev": "e598b37857b895b81020a65a802ef55f5bbed72f",
        "type": "github"
      }
    }
  },
  "root": "root",
  "version": 7
}
